
Microsoft Visual Studio Solution File, Format Version 12.00
# Visual Studio Version 17
VisualStudioVersion = 17.0.31919.166
MinimumVisualStudioVersion = 10.0.40219.1
Project("{F2A71F9B-5D33-465A-A702-920D77279786}") = "Day1", "Day1\Day1.fsproj", "{125E73CD-5A57-4050-AFF5-B5ED06814712}"
EndProject
Project("{F2A71F9B-5D33-465A-A702-920D77279786}") = "Day2", "Day2\Day2.fsproj", "{D2903AEA-B257-420C-A130-737544756385}"
EndProject
Global
	GlobalSection(SolutionConfigurationPlatforms) = preSolution
		Debug|Any CPU = Debug|Any CPU
		Release|Any CPU = Release|Any CPU
	EndGlobalSection
	GlobalSection(ProjectConfigurationPlatforms) = postSolution
		{125E73CD-5A57-4050-AFF5-B5ED06814712}.Debug|Any CPU.ActiveCfg = Debug|Any CPU
		{125E73CD-5A57-4050-AFF5-B5ED06814712}.Debug|Any CPU.Build.0 = Debug|Any CPU
		{125E73CD-5A57-4050-AFF5-B5ED06814712}.Release|Any CPU.ActiveCfg = Release|Any CPU
		{125E73CD-5A57-4050-AFF5-B5ED06814712}.Release|Any CPU.Build.0 = Release|Any CPU
		{D2903AEA-B257-420C-A130-737544756385}.Debug|Any CPU.ActiveCfg = Debug|Any CPU
		{D2903AEA-B257-420C-A130-737544756385}.Debug|Any CPU.Build.0 = Debug|Any CPU
		{D2903AEA-B257-420C-A130-737544756385}.Release|Any CPU.ActiveCfg = Release|Any CPU
		{D2903AEA-B257-420C-A130-737544756385}.Release|Any CPU.Build.0 = Release|Any CPU
	EndGlobalSection
	GlobalSection(SolutionProperties) = preSolution
		HideSolutionNode = FALSE
	EndGlobalSection
	GlobalSection(ExtensibilityGlobals) = postSolution
		SolutionGuid = {B3B084A4-7BD5-4BA3-97E8-415BA3AD79C2}
	EndGlobalSection
EndGlobal
